<Solution>
  <Folder Name="/Exercises/" />
  <Project Path="AnyDimensionalArrays/4.AnyDimensionalArrays.csproj" Id="2984f57f-d99b-4974-85fb-e9287be1a608" />
  <Project Path="ArrayMethods/ArrayMethods.csproj" Id="23ce41cf-da1c-4219-8c4c-5cd7ae5c0bfc" />
  <Project Path="JaggedArrays/5.JaggedArrays.csproj" Id="bb185077-9733-460b-9a0c-c03fdb33a26a" />
  <Project Path="OneDimesionalArrays/1.OneDimensionalArrays.csproj" />
  <Project Path="ThreeDimensionalArrays/3.ThreeDimensionalArrays.csproj" Id="933e8800-aba3-41b2-80fa-3906f2fe941e" />
  <Project Path="TwoDimensionalArrays/2.TwoDimensionalArrays.csproj" Id="9e8a4244-b25f-4e26-bcc2-313b03fde4cc" />
</Solution>
