<Solution>
  <Folder Name="/ClassArray/">
    <Project Path="Methods/Methods.csproj" Id="1cef98fd-cf48-4457-b865-4ae25dbae0a8" />
    <Project Path="Properties/Properties/Properties.csproj" Id="7a202642-c0db-45bc-a5c0-e313ebb55bf9" />
  </Folder>
  <Folder Name="/ClassArray/ExplicitInterfaceImplementations/" />
  <Folder Name="/Exercises/">
    <Project Path="ExercisesEasy/ExerciseTest.csproj" Id="1802469e-72cd-48ca-8ffe-3d190bd0842e" />
  </Folder>
  <Folder Name="/Methods/">
    <Project Path="LINQMethods/LINQMethods.csproj" Id="0761f5e1-c4e6-4022-921c-562527720cd6" />
  </Folder>
  <Project Path="AnyDimensionalArrays/4.AnyDimensionalArrays.csproj" Id="2984f57f-d99b-4974-85fb-e9287be1a608" />
  <Project Path="JaggedArrays/5.JaggedArrays.csproj" Id="bb185077-9733-460b-9a0c-c03fdb33a26a" />
  <Project Path="OneDimesionalArrays/1.OneDimensionalArrays.csproj" />
  <Project Path="ThreeDimensionalArrays/3.ThreeDimensionalArrays.csproj" Id="933e8800-aba3-41b2-80fa-3906f2fe941e" />
  <Project Path="TwoDimensionalArrays/2.TwoDimensionalArrays.csproj" Id="9e8a4244-b25f-4e26-bcc2-313b03fde4cc" />
</Solution>
